
Microsoft Visual Studio Solution File, Format Version 12.00
# Visual Studio Version 17
VisualStudioVersion = 17.7.34018.315
MinimumVisualStudioVersion = 10.0.40219.1
Project("{8BC9CEB8-8B4A-11D0-8D11-00A0C91BC942}") = "SourceCodeProject", "SourceCodeProject\SourceCodeProject.vcxproj", "{907CD1DC-3BF1-401B-8520-A37186F0766C}"
EndProject
Global
	GlobalSection(SolutionConfigurationPlatforms) = preSolution
		Debug|x64 = Debug|x64
		Debug|x86 = Debug|x86
		Release|x64 = Release|x64
		Release|x86 = Release|x86
	EndGlobalSection
	GlobalSection(ProjectConfigurationPlatforms) = postSolution
		{907CD1DC-3BF1-401B-8520-A37186F0766C}.Debug|x64.ActiveCfg = Debug|x64
		{907CD1DC-3BF1-401B-8520-A37186F0766C}.Debug|x64.Build.0 = Debug|x64
		{907CD1DC-3BF1-401B-8520-A37186F0766C}.Debug|x86.ActiveCfg = Debug|Win32
		{907CD1DC-3BF1-401B-8520-A37186F0766C}.Debug|x86.Build.0 = Debug|Win32
		{907CD1DC-3BF1-401B-8520-A37186F0766C}.Release|x64.ActiveCfg = Release|x64
		{907CD1DC-3BF1-401B-8520-A37186F0766C}.Release|x64.Build.0 = Release|x64
		{907CD1DC-3BF1-401B-8520-A37186F0766C}.Release|x86.ActiveCfg = Release|Win32
		{907CD1DC-3BF1-401B-8520-A37186F0766C}.Release|x86.Build.0 = Release|Win32
	EndGlobalSection
	GlobalSection(SolutionProperties) = preSolution
		HideSolutionNode = FALSE
	EndGlobalSection
	GlobalSection(ExtensibilityGlobals) = postSolution
		SolutionGuid = {A3BB2366-15C3-4C50-BF32-DB8D8BDDA34A}
	EndGlobalSection
EndGlobal
